
Microsoft Visual Studio Solution File, Format Version 12.00
# Visual Studio Version 16
VisualStudioVersion = 16.0.28922.388
MinimumVisualStudioVersion = 10.0.40219.1
Project("{8BC9CEB8-8B4A-11D0-8D11-00A0C91BC942}") = "image_based_lighting", "image_based_lighting\image_based_lighting.vcxproj", "{237C3B8A-73C8-4FA9-93FA-D3A3978D5E15}"
EndProject
Project("{8BC9CEB8-8B4A-11D0-8D11-00A0C91BC942}") = "engine", "engine\engine.vcxproj", "{BBA07D20-C1D0-4FCB-8C84-F0DC7D6F90B2}"
EndProject
Project("{8BC9CEB8-8B4A-11D0-8D11-00A0C91BC942}") = "cascaded_shadow_mapping", "cascaded_shadow_mapping\cascaded_shadow_mapping.vcxproj", "{398AFAC1-A982-4F68-96A3-7DFD326CD942}"
EndProject
Project("{8BC9CEB8-8B4A-11D0-8D11-00A0C91BC942}") = "percentage_closer_soft_shadows", "percentage_closer_soft_shadows\percentage_closer_soft_shadows.vcxproj", "{45C6695F-BC4B-4E2F-8538-6A6220516D5E}"
EndProject
Project("{8BC9CEB8-8B4A-11D0-8D11-00A0C91BC942}") = "variance_shadow_mapping", "variance_shadow_mapping\variance_shadow_mapping.vcxproj", "{7CBCD9FE-1F98-44E1-8E8D-026BA7F9DFF4}"
EndProject
Project("{8BC9CEB8-8B4A-11D0-8D11-00A0C91BC942}") = "voxel_cone_tracing", "voxel_cone_tracing\voxel_cone_tracing.vcxproj", "{24802F43-279C-4CF0-B938-0B2BCC610F9F}"
EndProject
Project("{8BC9CEB8-8B4A-11D0-8D11-00A0C91BC942}") = "screen_space_reflections", "screen_space_reflections\screen_space_reflections.vcxproj", "{B76DD90A-F1EB-4C5A-B5D1-5ADFAC0C5B5B}"
EndProject
Project("{8BC9CEB8-8B4A-11D0-8D11-00A0C91BC942}") = "tiled_deferred_shading", "tiled_deferred_shading\tiled_deferred_shading.vcxproj", "{1713B02B-8F2E-4B45-B3F0-3F10F483AE3D}"
EndProject
Global
	GlobalSection(SolutionConfigurationPlatforms) = preSolution
		Debug|x64 = Debug|x64
		Debug|x86 = Debug|x86
		Release|x64 = Release|x64
		Release|x86 = Release|x86
	EndGlobalSection
	GlobalSection(ProjectConfigurationPlatforms) = postSolution
		{237C3B8A-73C8-4FA9-93FA-D3A3978D5E15}.Debug|x64.ActiveCfg = Debug|x64
		{237C3B8A-73C8-4FA9-93FA-D3A3978D5E15}.Debug|x64.Build.0 = Debug|x64
		{237C3B8A-73C8-4FA9-93FA-D3A3978D5E15}.Debug|x86.ActiveCfg = Debug|Win32
		{237C3B8A-73C8-4FA9-93FA-D3A3978D5E15}.Debug|x86.Build.0 = Debug|Win32
		{237C3B8A-73C8-4FA9-93FA-D3A3978D5E15}.Release|x64.ActiveCfg = Release|x64
		{237C3B8A-73C8-4FA9-93FA-D3A3978D5E15}.Release|x64.Build.0 = Release|x64
		{237C3B8A-73C8-4FA9-93FA-D3A3978D5E15}.Release|x86.ActiveCfg = Release|Win32
		{237C3B8A-73C8-4FA9-93FA-D3A3978D5E15}.Release|x86.Build.0 = Release|Win32
		{BBA07D20-C1D0-4FCB-8C84-F0DC7D6F90B2}.Debug|x64.ActiveCfg = Debug|x64
		{BBA07D20-C1D0-4FCB-8C84-F0DC7D6F90B2}.Debug|x64.Build.0 = Debug|x64
		{BBA07D20-C1D0-4FCB-8C84-F0DC7D6F90B2}.Debug|x86.ActiveCfg = Debug|Win32
		{BBA07D20-C1D0-4FCB-8C84-F0DC7D6F90B2}.Debug|x86.Build.0 = Debug|Win32
		{BBA07D20-C1D0-4FCB-8C84-F0DC7D6F90B2}.Release|x64.ActiveCfg = Release|x64
		{BBA07D20-C1D0-4FCB-8C84-F0DC7D6F90B2}.Release|x64.Build.0 = Release|x64
		{BBA07D20-C1D0-4FCB-8C84-F0DC7D6F90B2}.Release|x86.ActiveCfg = Release|Win32
		{BBA07D20-C1D0-4FCB-8C84-F0DC7D6F90B2}.Release|x86.Build.0 = Release|Win32
		{398AFAC1-A982-4F68-96A3-7DFD326CD942}.Debug|x64.ActiveCfg = Debug|x64
		{398AFAC1-A982-4F68-96A3-7DFD326CD942}.Debug|x64.Build.0 = Debug|x64
		{398AFAC1-A982-4F68-96A3-7DFD326CD942}.Debug|x86.ActiveCfg = Debug|Win32
		{398AFAC1-A982-4F68-96A3-7DFD326CD942}.Debug|x86.Build.0 = Debug|Win32
		{398AFAC1-A982-4F68-96A3-7DFD326CD942}.Release|x64.ActiveCfg = Release|x64
		{398AFAC1-A982-4F68-96A3-7DFD326CD942}.Release|x64.Build.0 = Release|x64
		{398AFAC1-A982-4F68-96A3-7DFD326CD942}.Release|x86.ActiveCfg = Release|Win32
		{398AFAC1-A982-4F68-96A3-7DFD326CD942}.Release|x86.Build.0 = Release|Win32
		{45C6695F-BC4B-4E2F-8538-6A6220516D5E}.Debug|x64.ActiveCfg = Debug|x64
		{45C6695F-BC4B-4E2F-8538-6A6220516D5E}.Debug|x64.Build.0 = Debug|x64
		{45C6695F-BC4B-4E2F-8538-6A6220516D5E}.Debug|x86.ActiveCfg = Debug|Win32
		{45C6695F-BC4B-4E2F-8538-6A6220516D5E}.Debug|x86.Build.0 = Debug|Win32
		{45C6695F-BC4B-4E2F-8538-6A6220516D5E}.Release|x64.ActiveCfg = Release|x64
		{45C6695F-BC4B-4E2F-8538-6A6220516D5E}.Release|x64.Build.0 = Release|x64
		{45C6695F-BC4B-4E2F-8538-6A6220516D5E}.Release|x86.ActiveCfg = Release|Win32
		{45C6695F-BC4B-4E2F-8538-6A6220516D5E}.Release|x86.Build.0 = Release|Win32
		{7CBCD9FE-1F98-44E1-8E8D-026BA7F9DFF4}.Debug|x64.ActiveCfg = Debug|x64
		{7CBCD9FE-1F98-44E1-8E8D-026BA7F9DFF4}.Debug|x64.Build.0 = Debug|x64
		{7CBCD9FE-1F98-44E1-8E8D-026BA7F9DFF4}.Debug|x86.ActiveCfg = Debug|Win32
		{7CBCD9FE-1F98-44E1-8E8D-026BA7F9DFF4}.Debug|x86.Build.0 = Debug|Win32
		{7CBCD9FE-1F98-44E1-8E8D-026BA7F9DFF4}.Release|x64.ActiveCfg = Release|x64
		{7CBCD9FE-1F98-44E1-8E8D-026BA7F9DFF4}.Release|x64.Build.0 = Release|x64
		{7CBCD9FE-1F98-44E1-8E8D-026BA7F9DFF4}.Release|x86.ActiveCfg = Release|Win32
		{7CBCD9FE-1F98-44E1-8E8D-026BA7F9DFF4}.Release|x86.Build.0 = Release|Win32
		{24802F43-279C-4CF0-B938-0B2BCC610F9F}.Debug|x64.ActiveCfg = Debug|x64
		{24802F43-279C-4CF0-B938-0B2BCC610F9F}.Debug|x64.Build.0 = Debug|x64
		{24802F43-279C-4CF0-B938-0B2BCC610F9F}.Debug|x86.ActiveCfg = Debug|Win32
		{24802F43-279C-4CF0-B938-0B2BCC610F9F}.Debug|x86.Build.0 = Debug|Win32
		{24802F43-279C-4CF0-B938-0B2BCC610F9F}.Release|x64.ActiveCfg = Release|x64
		{24802F43-279C-4CF0-B938-0B2BCC610F9F}.Release|x64.Build.0 = Release|x64
		{24802F43-279C-4CF0-B938-0B2BCC610F9F}.Release|x86.ActiveCfg = Release|Win32
		{24802F43-279C-4CF0-B938-0B2BCC610F9F}.Release|x86.Build.0 = Release|Win32
		{B76DD90A-F1EB-4C5A-B5D1-5ADFAC0C5B5B}.Debug|x64.ActiveCfg = Debug|x64
		{B76DD90A-F1EB-4C5A-B5D1-5ADFAC0C5B5B}.Debug|x64.Build.0 = Debug|x64
		{B76DD90A-F1EB-4C5A-B5D1-5ADFAC0C5B5B}.Debug|x86.ActiveCfg = Debug|Win32
		{B76DD90A-F1EB-4C5A-B5D1-5ADFAC0C5B5B}.Debug|x86.Build.0 = Debug|Win32
		{B76DD90A-F1EB-4C5A-B5D1-5ADFAC0C5B5B}.Release|x64.ActiveCfg = Release|x64
		{B76DD90A-F1EB-4C5A-B5D1-5ADFAC0C5B5B}.Release|x64.Build.0 = Release|x64
		{B76DD90A-F1EB-4C5A-B5D1-5ADFAC0C5B5B}.Release|x86.ActiveCfg = Release|Win32
		{B76DD90A-F1EB-4C5A-B5D1-5ADFAC0C5B5B}.Release|x86.Build.0 = Release|Win32
		{1713B02B-8F2E-4B45-B3F0-3F10F483AE3D}.Debug|x64.ActiveCfg = Debug|x64
		{1713B02B-8F2E-4B45-B3F0-3F10F483AE3D}.Debug|x64.Build.0 = Debug|x64
		{1713B02B-8F2E-4B45-B3F0-3F10F483AE3D}.Debug|x86.ActiveCfg = Debug|Win32
		{1713B02B-8F2E-4B45-B3F0-3F10F483AE3D}.Debug|x86.Build.0 = Debug|Win32
		{1713B02B-8F2E-4B45-B3F0-3F10F483AE3D}.Release|x64.ActiveCfg = Release|x64
		{1713B02B-8F2E-4B45-B3F0-3F10F483AE3D}.Release|x64.Build.0 = Release|x64
		{1713B02B-8F2E-4B45-B3F0-3F10F483AE3D}.Release|x86.ActiveCfg = Release|Win32
		{1713B02B-8F2E-4B45-B3F0-3F10F483AE3D}.Release|x86.Build.0 = Release|Win32
	EndGlobalSection
	GlobalSection(SolutionProperties) = preSolution
		HideSolutionNode = FALSE
	EndGlobalSection
	GlobalSection(ExtensibilityGlobals) = postSolution
		SolutionGuid = {B1739AC8-9EFE-4139-8E77-48106AEE2649}
	EndGlobalSection
EndGlobal
